github.com/imfing/hextra v0.12.0 h1:f6y35hW/WDJEcx9S0dOmbICOBxYE0PmP6IJFsTUgVyY=
github.com/imfing/hextra v0.12.0/go.mod h1:YAv8XRNSmcqjieFwI7fVQK1AoY2Do+45DO9HGqxSGu4=
github.com/imfing/hextra v0.12.3 h1:DZHY2rUWYteyzjlHi9r4n7Bb5e2Q+6LXe4C1Dqn0ZjM=
github.com/imfing/hextra v0.12.3/go.mod h1:vi+yhpq8YPp/aghvJlNKVnJKcPJ/VyAEcfC1BSV9ARo=
